Microsoft Visual Studio Solution File, Format Version 12.00
# Visual Studio Version 17
VisualStudioVersion = 17.5.2.0
MinimumVisualStudioVersion = 10.0.40219.1
Project("{FAE04EC0-301F-11D3-BF4B-00C04F79EFBC}") = "booknest_backend", "booknest_backend\booknest_backend.csproj", "{EEAB4184-658A-A315-775E-391C163F62D3}"
EndProject
Global
	GlobalSection(SolutionConfigurationPlatforms) = preSolution
		Debug|Any CPU = Debug|Any CPU
		Release|Any CPU = Release|Any CPU
	EndGlobalSection
	GlobalSection(ProjectConfigurationPlatforms) = postSolution
		{EEAB4184-658A-A315-775E-391C163F62D3}.Debug|Any CPU.ActiveCfg = Debug|Any CPU
		{EEAB4184-658A-A315-775E-391C163F62D3}.Debug|Any CPU.Build.0 = Debug|Any CPU
		{EEAB4184-658A-A315-775E-391C163F62D3}.Release|Any CPU.ActiveCfg = Release|Any CPU
		{EEAB4184-658A-A315-775E-391C163F62D3}.Release|Any CPU.Build.0 = Release|Any CPU
	EndGlobalSection
	GlobalSection(SolutionProperties) = preSolution
		HideSolutionNode = FALSE
	EndGlobalSection
	GlobalSection(ExtensibilityGlobals) = postSolution
		SolutionGuid = {1F34CF06-6229-4535-9C98-89ECAB87345D}
	EndGlobalSection
EndGlobal
